// !$*UTF8*$!
{
	archiveVersion = 1;
	classes = {
	};
	objectVersion = 47;
	objects = {

/* Begin PBXBuildFile section */
		200FE7971D82A391009811E6 /* theelderscrolls.mp4 in Resources */ = {isa = PBXBuildFile; fileRef = 207C230E1D82A00400C19841 /* theelderscrolls.mp4 */; };
		203D461D1D80046800D6C7B3 /* main.m in Sources */ = {isa = PBXBuildFile; fileRef = 203D461C1D80046800D6C7B3 /* main.m */; };
		203D46201D80046800D6C7B3 /* AppDelegate.m in Sources */ = {isa = PBXBuildFile; fileRef = 203D461F1D80046800D6C7B3 /* AppDelegate.m */; };
		203D46281D80046800D6C7B3 /* Assets.xcassets in Resources */ = {isa = PBXBuildFile; fileRef = 203D46271D80046800D6C7B3 /* Assets.xcassets */; };
		203D46361D80046800D6C7B3 /* FWAVPleyerTests.m in Sources */ = {isa = PBXBuildFile; fileRef = 203D46351D80046800D6C7B3 /* FWAVPleyerTests.m */; };
		203D46411D80046800D6C7B3 /* FWAVPleyerUITests.m in Sources */ = {isa = PBXBuildFile; fileRef = 203D46401D80046800D6C7B3 /* FWAVPleyerUITests.m */; };
		203D466F1D800D2F00D6C7B3 /* FWAVPlayerManager.m in Sources */ = {isa = PBXBuildFile; fileRef = 203D46681D800D2F00D6C7B3 /* FWAVPlayerManager.m */; };
		203D46701D800D2F00D6C7B3 /* FWPlayerControl.m in Sources */ = {isa = PBXBuildFile; fileRef = 203D466A1D800D2F00D6C7B3 /* FWPlayerControl.m */; };
		203D46711D800D2F00D6C7B3 /* FWPlayerSlider.m in Sources */ = {isa = PBXBuildFile; fileRef = 203D466C1D800D2F00D6C7B3 /* FWPlayerSlider.m */; };
		203D46721D800D2F00D6C7B3 /* FWPlayerView.m in Sources */ = {isa = PBXBuildFile; fileRef = 203D466E1D800D2F00D6C7B3 /* FWPlayerView.m */; };
		203D46771D800D5C00D6C7B3 /* PlayerViewController.m in Sources */ = {isa = PBXBuildFile; fileRef = 203D46741D800D5C00D6C7B3 /* PlayerViewController.m */; };
		203D46781D800D5C00D6C7B3 /* VideoTableViewCell.m in Sources */ = {isa = PBXBuildFile; fileRef = 203D46761D800D5C00D6C7B3 /* VideoTableViewCell.m */; };
		206525261D87D9A1001CD23D /* FWMainViewController.m in Sources */ = {isa = PBXBuildFile; fileRef = 206525251D87D9A1001CD23D /* FWMainViewController.m */; };
		20677AF51D8E46710048C16C /* Main.storyboard in Resources */ = {isa = PBXBuildFile; fileRef = 20677AF41D8E46710048C16C /* Main.storyboard */; };
		207C23041D81162900C19841 /* FWAVPlayerResources.bundle in Resources */ = {isa = PBXBuildFile; fileRef = 207C23021D81031700C19841 /* FWAVPlayerResources.bundle */; };
		207C230A1D812FA300C19841 /* FWVideoList.plist in Resources */ = {isa = PBXBuildFile; fileRef = 207C23091D812FA300C19841 /* FWVideoList.plist */; };
		207C230D1D81579700C19841 /* FWVideoModel.m in Sources */ = {isa = PBXBuildFile; fileRef = 207C230C1D81579700C19841 /* FWVideoModel.m */; };
		20FE72301D8E948C005369E8 /* FWNavigationController.m in Sources */ = {isa = PBXBuildFile; fileRef = 20FE722F1D8E948C005369E8 /* FWNavigationController.m */; };
		7A3A4E9F176F3339F5E0EA65 /* libPods.a in Frameworks */ = {isa = PBXBuildFile; fileRef = B272FAA343FDBCC2B5515315 /* libPods.a */; };
/* End PBXBuildFile section */

/* Begin PBXContainerItemProxy section */
		203D46321D80046800D6C7B3 /* PBXContainerItemProxy */ = {
			isa = PBXContainerItemProxy;
			containerPortal = 203D46101D80046800D6C7B3 /* Project object */;
			proxyType = 1;
			remoteGlobalIDString = 203D46171D80046800D6C7B3;
			remoteInfo = FWAVPleyer;
		};
		203D463D1D80046800D6C7B3 /* PBXContainerItemProxy */ = {
			isa = PBXContainerItemProxy;
			containerPortal = 203D46101D80046800D6C7B3 /* Project object */;
			proxyType = 1;
			remoteGlobalIDString = 203D46171D80046800D6C7B3;
			remoteInfo = FWAVPleyer;
		};
/* End PBXContainerItemProxy section */

/* Begin PBXFileReference section */
		203D46181D80046800D6C7B3 /* FWAVPleyer.app */ = {isa = PBXFileReference; explicitFileType = wrapper.application; includeInIndex = 0; path = FWAVPleyer.app; sourceTree = BUILT_PRODUCTS_DIR; };
		203D461C1D80046800D6C7B3 /* main.m */ = {isa = PBXFileReference; lastKnownFileType = sourcecode.c.objc; path = main.m; sourceTree = "<group>"; };
		203D461E1D80046800D6C7B3 /* AppDelegate.h */ = {isa = PBXFileReference; lastKnownFileType = sourcecode.c.h; path = AppDelegate.h; sourceTree = "<group>"; };
		203D461F1D80046800D6C7B3 /* AppDelegate.m */ = {isa = PBXFileReference; lastKnownFileType = sourcecode.c.objc; path = AppDelegate.m; sourceTree = "<group>"; };
		203D46271D80046800D6C7B3 /* Assets.xcassets */ = {isa = PBXFileReference; lastKnownFileType = folder.assetcatalog; path = Assets.xcassets; sourceTree = "<group>"; };
		203D462C1D80046800D6C7B3 /* Info.plist */ = {isa = PBXFileReference; lastKnownFileType = text.plist.xml; path = Info.plist; sourceTree = "<group>"; };
		203D46311D80046800D6C7B3 /* FWAVPleyerTests.xctest */ = {isa = PBXFileReference; explicitFileType = wrapper.cfbundle; includeInIndex = 0; path = FWAVPleyerTests.xctest; sourceTree = BUILT_PRODUCTS_DIR; };
		203D46351D80046800D6C7B3 /* FWAVPleyerTests.m */ = {isa = PBXFileReference; lastKnownFileType = sourcecode.c.objc; path = FWAVPleyerTests.m; sourceTree = "<group>"; };
		203D46371D80046800D6C7B3 /* Info.plist */ = {isa = PBXFileReference; lastKnownFileType = text.plist.xml; path = Info.plist; sourceTree = "<group>"; };
		203D463C1D80046800D6C7B3 /* FWAVPleyerUITests.xctest */ = {isa = PBXFileReference; explicitFileType = wrapper.cfbundle; includeInIndex = 0; path = FWAVPleyerUITests.xctest; sourceTree = BUILT_PRODUCTS_DIR; };
		203D46401D80046800D6C7B3 /* FWAVPleyerUITests.m */ = {isa = PBXFileReference; lastKnownFileType = sourcecode.c.objc; path = FWAVPleyerUITests.m; sourceTree = "<group>"; };
		203D46421D80046800D6C7B3 /* Info.plist */ = {isa = PBXFileReference; lastKnownFileType = text.plist.xml; path = Info.plist; sourceTree = "<group>"; };
		203D46671D800D2F00D6C7B3 /* FWAVPlayerManager.h */ = {isa = PBXFileReference; fileEncoding = 4; lastKnownFileType = sourcecode.c.h; path = FWAVPlayerManager.h; sourceTree = "<group>"; };
		203D46681D800D2F00D6C7B3 /* FWAVPlayerManager.m */ = {isa = PBXFileReference; fileEncoding = 4; lastKnownFileType = sourcecode.c.objc; path = FWAVPlayerManager.m; sourceTree = "<group>"; };
		203D46691D800D2F00D6C7B3 /* FWPlayerControl.h */ = {isa = PBXFileReference; fileEncoding = 4; lastKnownFileType = sourcecode.c.h; path = FWPlayerControl.h; sourceTree = "<group>"; };
		203D466A1D800D2F00D6C7B3 /* FWPlayerControl.m */ = {isa = PBXFileReference; fileEncoding = 4; lastKnownFileType = sourcecode.c.objc; path = FWPlayerControl.m; sourceTree = "<group>"; };
		203D466B1D800D2F00D6C7B3 /* FWPlayerSlider.h */ = {isa = PBXFileReference; fileEncoding = 4; lastKnownFileType = sourcecode.c.h; path = FWPlayerSlider.h; sourceTree = "<group>"; };
		203D466C1D800D2F00D6C7B3 /* FWPlayerSlider.m */ = {isa = PBXFileReference; fileEncoding = 4; lastKnownFileType = sourcecode.c.objc; path = FWPlayerSlider.m; sourceTree = "<group>"; };
		203D466D1D800D2F00D6C7B3 /* FWPlayerView.h */ = {isa = PBXFileReference; fileEncoding = 4; lastKnownFileType = sourcecode.c.h; path = FWPlayerView.h; sourceTree = "<group>"; };
		203D466E1D800D2F00D6C7B3 /* FWPlayerView.m */ = {isa = PBXFileReference; fileEncoding = 4; lastKnownFileType = sourcecode.c.objc; path = FWPlayerView.m; sourceTree = "<group>"; };
		203D46731D800D5C00D6C7B3 /* PlayerViewController.h */ = {isa = PBXFileReference; fileEncoding = 4; lastKnownFileType = sourcecode.c.h; path = PlayerViewController.h; sourceTree = "<group>"; };
		203D46741D800D5C00D6C7B3 /* PlayerViewController.m */ = {isa = PBXFileReference; fileEncoding = 4; lastKnownFileType = sourcecode.c.objc; path = PlayerViewController.m; sourceTree = "<group>"; };
		203D46751D800D5C00D6C7B3 /* VideoTableViewCell.h */ = {isa = PBXFileReference; fileEncoding = 4; lastKnownFileType = sourcecode.c.h; path = VideoTableViewCell.h; sourceTree = "<group>"; };
		203D46761D800D5C00D6C7B3 /* VideoTableViewCell.m */ = {isa = PBXFileReference; fileEncoding = 4; lastKnownFileType = sourcecode.c.objc; path = VideoTableViewCell.m; sourceTree = "<group>"; };
		206525241D87D9A1001CD23D /* FWMainViewController.h */ = {isa = PBXFileReference; fileEncoding = 4; lastKnownFileType = sourcecode.c.h; path = FWMainViewController.h; sourceTree = "<group>"; };
		206525251D87D9A1001CD23D /* FWMainViewController.m */ = {isa = PBXFileReference; fileEncoding = 4; lastKnownFileType = sourcecode.c.objc; path = FWMainViewController.m; sourceTree = "<group>"; };
		20677AF41D8E46710048C16C /* Main.storyboard */ = {isa = PBXFileReference; fileEncoding = 4; lastKnownFileType = file.storyboard; path = Main.storyboard; sourceTree = "<group>"; };
		207C23011D801BAE00C19841 /* FWAVPlayer.h */ = {isa = PBXFileReference; lastKnownFileType = sourcecode.c.h; path = FWAVPlayer.h; sourceTree = "<group>"; };
		207C23021D81031700C19841 /* FWAVPlayerResources.bundle */ = {isa = PBXFileReference; lastKnownFileType = "wrapper.plug-in"; path = FWAVPlayerResources.bundle; sourceTree = "<group>"; };
		207C23091D812FA300C19841 /* FWVideoList.plist */ = {isa = PBXFileReference; fileEncoding = 4; lastKnownFileType = text.plist.xml; path = FWVideoList.plist; sourceTree = "<group>"; };
		207C230B1D81579700C19841 /* FWVideoModel.h */ = {isa = PBXFileReference; fileEncoding = 4; lastKnownFileType = sourcecode.c.h; path = FWVideoModel.h; sourceTree = "<group>"; };
		207C230C1D81579700C19841 /* FWVideoModel.m */ = {isa = PBXFileReference; fileEncoding = 4; lastKnownFileType = sourcecode.c.objc; path = FWVideoModel.m; sourceTree = "<group>"; };
		207C230E1D82A00400C19841 /* theelderscrolls.mp4 */ = {isa = PBXFileReference; lastKnownFileType = file; path = theelderscrolls.mp4; sourceTree = "<group>"; };
		20FE722E1D8E948C005369E8 /* FWNavigationController.h */ = {isa = PBXFileReference; fileEncoding = 4; lastKnownFileType = sourcecode.c.h; path = FWNavigationController.h; sourceTree = "<group>"; };
		20FE722F1D8E948C005369E8 /* FWNavigationController.m */ = {isa = PBXFileReference; fileEncoding = 4; lastKnownFileType = sourcecode.c.objc; path = FWNavigationController.m; sourceTree = "<group>"; };
		6028A1402B4D3839571BD5CB /* Pods.release.xcconfig */ = {isa = PBXFileReference; includeInIndex = 1; lastKnownFileType = text.xcconfig; name = Pods.release.xcconfig; path = "Pods/Target Support Files/Pods/Pods.release.xcconfig"; sourceTree = "<group>"; };
		8D86A147BA0688E29816085B /* Pods.debug.xcconfig */ = {isa = PBXFileReference; includeInIndex = 1; lastKnownFileType = text.xcconfig; name = Pods.debug.xcconfig; path = "Pods/Target Support Files/Pods/Pods.debug.xcconfig"; sourceTree = "<group>"; };
		B272FAA343FDBCC2B5515315 /* libPods.a */ = {isa = PBXFileReference; explicitFileType = archive.ar; includeInIndex = 0; path = libPods.a; sourceTree = BUILT_PRODUCTS_DIR; };
/* End PBXFileReference section */

/* Begin PBXFrameworksBuildPhase section */
		203D46151D80046800D6C7B3 /* Frameworks */ = {
			isa = PBXFrameworksBuildPhase;
			buildActionMask = 2147483647;
			files = (
				7A3A4E9F176F3339F5E0EA65 /* libPods.a in Frameworks */,
			);
			runOnlyForDeploymentPostprocessing = 0;
		};
		203D462E1D80046800D6C7B3 /* Frameworks */ = {
			isa = PBXFrameworksBuildPhase;
			buildActionMask = 2147483647;
			files = (
			);
			runOnlyForDeploymentPostprocessing = 0;
		};
		203D46391D80046800D6C7B3 /* Frameworks */ = {
			isa = PBXFrameworksBuildPhase;
			buildActionMask = 2147483647;
			files = (
			);
			runOnlyForDeploymentPostprocessing = 0;
		};
/* End PBXFrameworksBuildPhase section */

/* Begin PBXGroup section */
		203D460F1D80046800D6C7B3 = {
			isa = PBXGroup;
			children = (
				203D461A1D80046800D6C7B3 /* FWAVPleyer */,
				203D46341D80046800D6C7B3 /* FWAVPleyerTests */,
				203D463F1D80046800D6C7B3 /* FWAVPleyerUITests */,
				203D46191D80046800D6C7B3 /* Products */,
				783D6D313F9597A6702E68B9 /* Pods */,
				88F323670CE8EADE8405082D /* Frameworks */,
			);
			sourceTree = "<group>";
		};
		203D46191D80046800D6C7B3 /* Products */ = {
			isa = PBXGroup;
			children = (
				203D46181D80046800D6C7B3 /* FWAVPleyer.app */,
				203D46311D80046800D6C7B3 /* FWAVPleyerTests.xctest */,
				203D463C1D80046800D6C7B3 /* FWAVPleyerUITests.xctest */,
			);
			name = Products;
			sourceTree = "<group>";
		};
		203D461A1D80046800D6C7B3 /* FWAVPleyer */ = {
			isa = PBXGroup;
			children = (
				203D46661D800D2F00D6C7B3 /* FWAVPlayer */,
				203D461E1D80046800D6C7B3 /* AppDelegate.h */,
				203D461F1D80046800D6C7B3 /* AppDelegate.m */,
				20FE722E1D8E948C005369E8 /* FWNavigationController.h */,
				20FE722F1D8E948C005369E8 /* FWNavigationController.m */,
				206525241D87D9A1001CD23D /* FWMainViewController.h */,
				206525251D87D9A1001CD23D /* FWMainViewController.m */,
				203D46751D800D5C00D6C7B3 /* VideoTableViewCell.h */,
				203D46761D800D5C00D6C7B3 /* VideoTableViewCell.m */,
				203D46731D800D5C00D6C7B3 /* PlayerViewController.h */,
				203D46741D800D5C00D6C7B3 /* PlayerViewController.m */,
				207C230B1D81579700C19841 /* FWVideoModel.h */,
				207C230C1D81579700C19841 /* FWVideoModel.m */,
				207C23091D812FA300C19841 /* FWVideoList.plist */,
				207C230E1D82A00400C19841 /* theelderscrolls.mp4 */,
				203D46271D80046800D6C7B3 /* Assets.xcassets */,
				20677AF41D8E46710048C16C /* Main.storyboard */,
				203D462C1D80046800D6C7B3 /* Info.plist */,
				203D461B1D80046800D6C7B3 /* Supporting Files */,
			);
			path = FWAVPleyer;
			sourceTree = "<group>";
		};
		203D461B1D80046800D6C7B3 /* Supporting Files */ = {
			isa = PBXGroup;
			children = (
				203D461C1D80046800D6C7B3 /* main.m */,
			);
			name = "Supporting Files";
			sourceTree = "<group>";
		};
		203D46341D80046800D6C7B3 /* FWAVPleyerTests */ = {
			isa = PBXGroup;
			children = (
				203D46351D80046800D6C7B3 /* FWAVPleyerTests.m */,
				203D46371D80046800D6C7B3 /* Info.plist */,
			);
			path = FWAVPleyerTests;
			sourceTree = "<group>";
		};
		203D463F1D80046800D6C7B3 /* FWAVPleyerUITests */ = {
			isa = PBXGroup;
			children = (
				203D46401D80046800D6C7B3 /* FWAVPleyerUITests.m */,
				203D46421D80046800D6C7B3 /* Info.plist */,
			);
			path = FWAVPleyerUITests;
			sourceTree = "<group>";
		};
		203D46661D800D2F00D6C7B3 /* FWAVPlayer */ = {
			isa = PBXGroup;
			children = (
				207C23011D801BAE00C19841 /* FWAVPlayer.h */,
				203D46671D800D2F00D6C7B3 /* FWAVPlayerManager.h */,
				203D46681D800D2F00D6C7B3 /* FWAVPlayerManager.m */,
				203D46691D800D2F00D6C7B3 /* FWPlayerControl.h */,
				203D466A1D800D2F00D6C7B3 /* FWPlayerControl.m */,
				203D466B1D800D2F00D6C7B3 /* FWPlayerSlider.h */,
				203D466C1D800D2F00D6C7B3 /* FWPlayerSlider.m */,
				203D466D1D800D2F00D6C7B3 /* FWPlayerView.h */,
				203D466E1D800D2F00D6C7B3 /* FWPlayerView.m */,
				207C23021D81031700C19841 /* FWAVPlayerResources.bundle */,
			);
			path = FWAVPlayer;
			sourceTree = "<group>";
		};
		783D6D313F9597A6702E68B9 /* Pods */ = {
			isa = PBXGroup;
			children = (
				8D86A147BA0688E29816085B /* Pods.debug.xcconfig */,
				6028A1402B4D3839571BD5CB /* Pods.release.xcconfig */,
			);
			name = Pods;
			sourceTree = "<group>";
		};
		88F323670CE8EADE8405082D /* Frameworks */ = {
			isa = PBXGroup;
			children = (
				B272FAA343FDBCC2B5515315 /* libPods.a */,
			);
			name = Frameworks;
			sourceTree = "<group>";
		};
/* End PBXGroup section */

/* Begin PBXNativeTarget section */
		203D46171D80046800D6C7B3 /* FWAVPleyer */ = {
			isa = PBXNativeTarget;
			buildConfigurationList = 203D46451D80046800D6C7B3 /* Build configuration list for PBXNativeTarget "FWAVPleyer" */;
			buildPhases = (
				78A965EF2E60D4FBBCF4B0D8 /* Check Pods Manifest.lock */,
				203D46141D80046800D6C7B3 /* Sources */,
				203D46151D80046800D6C7B3 /* Frameworks */,
				203D46161D80046800D6C7B3 /* Resources */,
				2715BB1B9C54402AFD17A51D /* Embed Pods Frameworks */,
				9D753F50BF35FD2C0EBD227B /* Copy Pods Resources */,
			);
			buildRules = (
			);
			dependencies = (
			);
			name = FWAVPleyer;
			productName = FWAVPleyer;
			productReference = 203D46181D80046800D6C7B3 /* FWAVPleyer.app */;
			productType = "com.apple.product-type.application";
		};
		203D46301D80046800D6C7B3 /* FWAVPleyerTests */ = {
			isa = PBXNativeTarget;
			buildConfigurationList = 203D46481D80046800D6C7B3 /* Build configuration list for PBXNativeTarget "FWAVPleyerTests" */;
			buildPhases = (
				203D462D1D80046800D6C7B3 /* Sources */,
				203D462E1D80046800D6C7B3 /* Frameworks */,
				203D462F1D80046800D6C7B3 /* Resources */,
			);
			buildRules = (
			);
			dependencies = (
				203D46331D80046800D6C7B3 /* PBXTargetDependency */,
			);
			name = FWAVPleyerTests;
			productName = FWAVPleyerTests;
			productReference = 203D46311D80046800D6C7B3 /* FWAVPleyerTests.xctest */;
			productType = "com.apple.product-type.bundle.unit-test";
		};
		203D463B1D80046800D6C7B3 /* FWAVPleyerUITests */ = {
			isa = PBXNativeTarget;
			buildConfigurationList = 203D464B1D80046800D6C7B3 /* Build configuration list for PBXNativeTarget "FWAVPleyerUITests" */;
			buildPhases = (
				203D46381D80046800D6C7B3 /* Sources */,
				203D46391D80046800D6C7B3 /* Frameworks */,
				203D463A1D80046800D6C7B3 /* Resources */,
			);
			buildRules = (
			);
			dependencies = (
				203D463E1D80046800D6C7B3 /* PBXTargetDependency */,
			);
			name = FWAVPleyerUITests;
			productName = FWAVPleyerUITests;
			productReference = 203D463C1D80046800D6C7B3 /* FWAVPleyerUITests.xctest */;
			productType = "com.apple.product-type.bundle.ui-testing";
		};
/* End PBXNativeTarget section */

/* Begin PBXProject section */
		203D46101D80046800D6C7B3 /* Project object */ = {
			isa = PBXProject;
			attributes = {
				CLASSPREFIX = FW;
				LastUpgradeCheck = 0800;
				ORGANIZATIONNAME = Four_w;
				TargetAttributes = {
					203D46171D80046800D6C7B3 = {
						CreatedOnToolsVersion = 7.3;
						DevelopmentTeam = 35M9DQK5KG;
						ProvisioningStyle = Automatic;
					};
					203D46301D80046800D6C7B3 = {
						CreatedOnToolsVersion = 7.3;
						TestTargetID = 203D46171D80046800D6C7B3;
					};
					203D463B1D80046800D6C7B3 = {
						CreatedOnToolsVersion = 7.3;
						TestTargetID = 203D46171D80046800D6C7B3;
					};
				};
			};
			buildConfigurationList = 203D46131D80046800D6C7B3 /* Build configuration list for PBXProject "FWAVPleyer" */;
			compatibilityVersion = "Xcode 6.3";
			developmentRegion = English;
			hasScannedForEncodings = 0;
			knownRegions = (
				en,
				Base,
			);
			mainGroup = 203D460F1D80046800D6C7B3;
			productRefGroup = 203D46191D80046800D6C7B3 /* Products */;
			projectDirPath = "";
			projectRoot = "";
			targets = (
				203D46171D80046800D6C7B3 /* FWAVPleyer */,
				203D46301D80046800D6C7B3 /* FWAVPleyerTests */,
				203D463B1D80046800D6C7B3 /* FWAVPleyerUITests */,
			);
		};
/* End PBXProject section */

/* Begin PBXResourcesBuildPhase section */
		203D46161D80046800D6C7B3 /* Resources */ = {
			isa = PBXResourcesBuildPhase;
			buildActionMask = 2147483647;
			files = (
				200FE7971D82A391009811E6 /* theelderscrolls.mp4 in Resources */,
				20677AF51D8E46710048C16C /* Main.storyboard in Resources */,
				207C23041D81162900C19841 /* FWAVPlayerResources.bundle in Resources */,
				203D46281D80046800D6C7B3 /* Assets.xcassets in Resources */,
				207C230A1D812FA300C19841 /* FWVideoList.plist in Resources */,
			);
			runOnlyForDeploymentPostprocessing = 0;
		};
		203D462F1D80046800D6C7B3 /* Resources */ = {
			isa = PBXResourcesBuildPhase;
			buildActionMask = 2147483647;
			files = (
			);
			runOnlyForDeploymentPostprocessing = 0;
		};
		203D463A1D80046800D6C7B3 /* Resources */ = {
			isa = PBXResourcesBuildPhase;
			buildActionMask = 2147483647;
			files = (
			);
			runOnlyForDeploymentPostprocessing = 0;
		};
/* End PBXResourcesBuildPhase section */

/* Begin PBXShellScriptBuildPhase section */
		2715BB1B9C54402AFD17A51D /* Embed Pods Frameworks */ = {
			isa = PBXShellScriptBuildPhase;
			buildActionMask = 2147483647;
			files = (
			);
			inputPaths = (
			);
			name = "Embed Pods Frameworks";
			outputPaths = (
			);
			runOnlyForDeploymentPostprocessing = 0;
			shellPath = /bin/sh;
			shellScript = "\"${SRCROOT}/Pods/Target Support Files/Pods/Pods-frameworks.sh\"\n";
			showEnvVarsInLog = 0;
		};
		78A965EF2E60D4FBBCF4B0D8 /* Check Pods Manifest.lock */ = {
			isa = PBXShellScriptBuildPhase;
			buildActionMask = 2147483647;
			files = (
			);
			inputPaths = (
			);
			name = "Check Pods Manifest.lock";
			outputPaths = (
			);
			runOnlyForDeploymentPostprocessing = 0;
			shellPath = /bin/sh;
			shellScript = "diff \"${PODS_ROOT}/../Podfile.lock\" \"${PODS_ROOT}/Manifest.lock\" > /dev/null\nif [[ $? != 0 ]] ; then\n    cat << EOM\nerror: The sandbox is not in sync with the Podfile.lock. Run 'pod install' or update your CocoaPods installation.\nEOM\n    exit 1\nfi\n";
			showEnvVarsInLog = 0;
		};
		9D753F50BF35FD2C0EBD227B /* Copy Pods Resources */ = {
			isa = PBXShellScriptBuildPhase;
			buildActionMask = 2147483647;
			files = (
			);
			inputPaths = (
			);
			name = "Copy Pods Resources";
			outputPaths = (
			);
			runOnlyForDeploymentPostprocessing = 0;
			shellPath = /bin/sh;
			shellScript = "\"${SRCROOT}/Pods/Target Support Files/Pods/Pods-resources.sh\"\n";
			showEnvVarsInLog = 0;
		};
/* End PBXShellScriptBuildPhase section */

/* Begin PBXSourcesBuildPhase section */
		203D46141D80046800D6C7B3 /* Sources */ = {
			isa = PBXSourcesBuildPhase;
			buildActionMask = 2147483647;
			files = (
				206525261D87D9A1001CD23D /* FWMainViewController.m in Sources */,
				203D46781D800D5C00D6C7B3 /* VideoTableViewCell.m in Sources */,
				203D46201D80046800D6C7B3 /* AppDelegate.m in Sources */,
				203D46701D800D2F00D6C7B3 /* FWPlayerControl.m in Sources */,
				203D466F1D800D2F00D6C7B3 /* FWAVPlayerManager.m in Sources */,
				203D46711D800D2F00D6C7B3 /* FWPlayerSlider.m in Sources */,
				20FE72301D8E948C005369E8 /* FWNavigationController.m in Sources */,
				203D46771D800D5C00D6C7B3 /* PlayerViewController.m in Sources */,
				203D461D1D80046800D6C7B3 /* main.m in Sources */,
				207C230D1D81579700C19841 /* FWVideoModel.m in Sources */,
				203D46721D800D2F00D6C7B3 /* FWPlayerView.m in Sources */,
			);
			runOnlyForDeploymentPostprocessing = 0;
		};
		203D462D1D80046800D6C7B3 /* Sources */ = {
			isa = PBXSourcesBuildPhase;
			buildActionMask = 2147483647;
			files = (
				203D46361D80046800D6C7B3 /* FWAVPleyerTests.m in Sources */,
			);
			runOnlyForDeploymentPostprocessing = 0;
		};
		203D46381D80046800D6C7B3 /* Sources */ = {
			isa = PBXSourcesBuildPhase;
			buildActionMask = 2147483647;
			files = (
				203D46411D80046800D6C7B3 /* FWAVPleyerUITests.m in Sources */,
			);
			runOnlyForDeploymentPostprocessing = 0;
		};
/* End PBXSourcesBuildPhase section */

/* Begin PBXTargetDependency section */
		203D46331D80046800D6C7B3 /* PBXTargetDependency */ = {
			isa = PBXTargetDependency;
			target = 203D46171D80046800D6C7B3 /* FWAVPleyer */;
			targetProxy = 203D46321D80046800D6C7B3 /* PBXContainerItemProxy */;
		};
		203D463E1D80046800D6C7B3 /* PBXTargetDependency */ = {
			isa = PBXTargetDependency;
			target = 203D46171D80046800D6C7B3 /* FWAVPleyer */;
			targetProxy = 203D463D1D80046800D6C7B3 /* PBXContainerItemProxy */;
		};
/* End PBXTargetDependency section */

/* Begin XCBuildConfiguration section */
		203D46431D80046800D6C7B3 /* Debug */ = {
			isa = XCBuildConfiguration;
			buildSettings = {
				ALWAYS_SEARCH_USER_PATHS = NO;
				CLANG_ANALYZER_NONNULL = YES;
				CLANG_CXX_LANGUAGE_STANDARD = "gnu++0x";
				CLANG_CXX_LIBRARY = "libc++";
				CLANG_ENABLE_MODULES = YES;
				CLANG_ENABLE_OBJC_ARC = YES;
				CLANG_WARN_BOOL_CONVERSION = YES;
				CLANG_WARN_CONSTANT_CONVERSION = YES;
				CLANG_WARN_DIRECT_OBJC_ISA_USAGE = YES_ERROR;
				CLANG_WARN_EMPTY_BODY = YES;
				CLANG_WARN_ENUM_CONVERSION = YES;
				CLANG_WARN_INFINITE_RECURSION = YES;
				CLANG_WARN_INT_CONVERSION = YES;
				CLANG_WARN_OBJC_ROOT_CLASS = YES_ERROR;
				CLANG_WARN_SUSPICIOUS_MOVE = YES;
				CLANG_WARN_UNREACHABLE_CODE = YES;
				CLANG_WARN__DUPLICATE_METHOD_MATCH = YES;
				"CODE_SIGN_IDENTITY[sdk=iphoneos*]" = "iPhone Developer";
				COPY_PHASE_STRIP = NO;
				DEBUG_INFORMATION_FORMAT = dwarf;
				ENABLE_STRICT_OBJC_MSGSEND = YES;
				ENABLE_TESTABILITY = YES;
				GCC_C_LANGUAGE_STANDARD = gnu99;
				GCC_DYNAMIC_NO_PIC = NO;
				GCC_NO_COMMON_BLOCKS = YES;
				GCC_OPTIMIZATION_LEVEL = 0;
				GCC_PREPROCESSOR_DEFINITIONS = (
					"DEBUG=1",
					"$(inherited)",
				);
				GCC_WARN_64_TO_32_BIT_CONVERSION = YES;
				GCC_WARN_ABOUT_RETURN_TYPE = YES_ERROR;
				GCC_WARN_UNDECLARED_SELECTOR = YES;
				GCC_WARN_UNINITIALIZED_AUTOS = YES_AGGRESSIVE;
				GCC_WARN_UNUSED_FUNCTION = YES;
				GCC_WARN_UNUSED_VARIABLE = YES;
				IPHONEOS_DEPLOYMENT_TARGET = 10.0;
				MTL_ENABLE_DEBUG_INFO = YES;
				ONLY_ACTIVE_ARCH = YES;
				SDKROOT = iphoneos;
				TARGETED_DEVICE_FAMILY = "1,2";
			};
			name = Debug;
		};
		203D46441D80046800D6C7B3 /* Release */ = {
			isa = XCBuildConfiguration;
			buildSettings = {
				ALWAYS_SEARCH_USER_PATHS = NO;
				CLANG_ANALYZER_NONNULL = YES;
				CLANG_CXX_LANGUAGE_STANDARD = "gnu++0x";
				CLANG_CXX_LIBRARY = "libc++";
				CLANG_ENABLE_MODULES = YES;
				CLANG_ENABLE_OBJC_ARC = YES;
				CLANG_WARN_BOOL_CONVERSION = YES;
				CLANG_WARN_CONSTANT_CONVERSION = YES;
				CLANG_WARN_DIRECT_OBJC_ISA_USAGE = YES_ERROR;
				CLANG_WARN_EMPTY_BODY = YES;
				CLANG_WARN_ENUM_CONVERSION = YES;
				CLANG_WARN_INFINITE_RECURSION = YES;
				CLANG_WARN_INT_CONVERSION = YES;
				CLANG_WARN_OBJC_ROOT_CLASS = YES_ERROR;
				CLANG_WARN_SUSPICIOUS_MOVE = YES;
				CLANG_WARN_UNREACHABLE_CODE = YES;
				CLANG_WARN__DUPLICATE_METHOD_MATCH = YES;
				"CODE_SIGN_IDENTITY[sdk=iphoneos*]" = "iPhone Developer";
				COPY_PHASE_STRIP = NO;
				DEBUG_INFORMATION_FORMAT = "dwarf-with-dsym";
				ENABLE_NS_ASSERTIONS = NO;
				ENABLE_STRICT_OBJC_MSGSEND = YES;
				GCC_C_LANGUAGE_STANDARD = gnu99;
				GCC_NO_COMMON_BLOCKS = YES;
				GCC_WARN_64_TO_32_BIT_CONVERSION = YES;
				GCC_WARN_ABOUT_RETURN_TYPE = YES_ERROR;
				GCC_WARN_UNDECLARED_SELECTOR = YES;
				GCC_WARN_UNINITIALIZED_AUTOS = YES_AGGRESSIVE;
				GCC_WARN_UNUSED_FUNCTION = YES;
				GCC_WARN_UNUSED_VARIABLE = YES;
				IPHONEOS_DEPLOYMENT_TARGET = 10.0;
				MTL_ENABLE_DEBUG_INFO = NO;
				SDKROOT = iphoneos;
				TARGETED_DEVICE_FAMILY = "1,2";
				VALIDATE_PRODUCT = YES;
			};
			name = Release;
		};
		203D46461D80046800D6C7B3 /* Debug */ = {
			isa = XCBuildConfiguration;
			baseConfigurationReference = 8D86A147BA0688E29816085B /* Pods.debug.xcconfig */;
			buildSettings = {
				ASSETCATALOG_COMPILER_APPICON_NAME = AppIcon;
				ASSETCATALOG_COMPILER_LAUNCHIMAGE_NAME = LaunchImage;
				"CODE_SIGN_IDENTITY[sdk=iphoneos*]" = "iPhone Developer";
				DEVELOPMENT_TEAM = 35M9DQK5KG;
				INFOPLIST_FILE = FWAVPleyer/Info.plist;
				IPHONEOS_DEPLOYMENT_TARGET = 8.0;
				LD_RUNPATH_SEARCH_PATHS = "$(inherited) @executable_path/Frameworks";
				PRODUCT_BUNDLE_IDENTIFIER = com.fw.avplayer;
				PRODUCT_NAME = "$(TARGET_NAME)";
				SKIP_INSTALL = YES;
				TARGETED_DEVICE_FAMILY = "1,2";
			};
			name = Debug;
		};
		203D46471D80046800D6C7B3 /* Release */ = {
			isa = XCBuildConfiguration;
			baseConfigurationReference = 6028A1402B4D3839571BD5CB /* Pods.release.xcconfig */;
			buildSettings = {
				ASSETCATALOG_COMPILER_APPICON_NAME = AppIcon;
				ASSETCATALOG_COMPILER_LAUNCHIMAGE_NAME = LaunchImage;
				"CODE_SIGN_IDENTITY[sdk=iphoneos*]" = "iPhone Developer";
				DEVELOPMENT_TEAM = 35M9DQK5KG;
				INFOPLIST_FILE = FWAVPleyer/Info.plist;
				IPHONEOS_DEPLOYMENT_TARGET = 8.0;
				LD_RUNPATH_SEARCH_PATHS = "$(inherited) @executable_path/Frameworks";
				PRODUCT_BUNDLE_IDENTIFIER = com.fw.avplayer;
				PRODUCT_NAME = "$(TARGET_NAME)";
				SKIP_INSTALL = YES;
				TARGETED_DEVICE_FAMILY = "1,2";
			};
			name = Release;
		};
		203D46491D80046800D6C7B3 /* Debug */ = {
			isa = XCBuildConfiguration;
			buildSettings = {
				BUNDLE_LOADER = "$(TEST_HOST)";
				INFOPLIST_FILE = FWAVPleyerTests/Info.plist;
				LD_RUNPATH_SEARCH_PATHS = "$(inherited) @executable_path/Frameworks @loader_path/Frameworks";
				PRODUCT_NAME = "$(TARGET_NAME)";
				TEST_HOST = "$(BUILT_PRODUCTS_DIR)/FWAVPleyer.app/FWAVPleyer";
			};
			name = Debug;
		};
		203D464A1D80046800D6C7B3 /* Release */ = {
			isa = XCBuildConfiguration;
			buildSettings = {
				BUNDLE_LOADER = "$(TEST_HOST)";
				INFOPLIST_FILE = FWAVPleyerTests/Info.plist;
				LD_RUNPATH_SEARCH_PATHS = "$(inherited) @executable_path/Frameworks @loader_path/Frameworks";
				PRODUCT_NAME = "$(TARGET_NAME)";
				TEST_HOST = "$(BUILT_PRODUCTS_DIR)/FWAVPleyer.app/FWAVPleyer";
			};
			name = Release;
		};
		203D464C1D80046800D6C7B3 /* Debug */ = {
			isa = XCBuildConfiguration;
			buildSettings = {
				INFOPLIST_FILE = FWAVPleyerUITests/Info.plist;
				LD_RUNPATH_SEARCH_PATHS = "$(inherited) @executable_path/Frameworks @loader_path/Frameworks";
				PRODUCT_NAME = "$(TARGET_NAME)";
				TEST_TARGET_NAME = FWAVPleyer;
			};
			name = Debug;
		};
		203D464D1D80046800D6C7B3 /* Release */ = {
			isa = XCBuildConfiguration;
			buildSettings = {
				INFOPLIST_FILE = FWAVPleyerUITests/Info.plist;
				LD_RUNPATH_SEARCH_PATHS = "$(inherited) @executable_path/Frameworks @loader_path/Frameworks";
				PRODUCT_NAME = "$(TARGET_NAME)";
				TEST_TARGET_NAME = FWAVPleyer;
			};
			name = Release;
		};
/* End XCBuildConfiguration section */

/* Begin XCConfigurationList section */
		203D46131D80046800D6C7B3 /* Build configuration list for PBXProject "FWAVPleyer" */ = {
			isa = XCConfigurationList;
			buildConfigurations = (
				203D46431D80046800D6C7B3 /* Debug */,
				203D46441D80046800D6C7B3 /* Release */,
			);
			defaultConfigurationIsVisible = 0;
			defaultConfigurationName = Release;
		};
		203D46451D80046800D6C7B3 /* Build configuration list for PBXNativeTarget "FWAVPleyer" */ = {
			isa = XCConfigurationList;
			buildConfigurations = (
				203D46461D80046800D6C7B3 /* Debug */,
				203D46471D80046800D6C7B3 /* Release */,
			);
			defaultConfigurationIsVisible = 0;
			defaultConfigurationName = Release;
		};
		203D46481D80046800D6C7B3 /* Build configuration list for PBXNativeTarget "FWAVPleyerTests" */ = {
			isa = XCConfigurationList;
			buildConfigurations = (
				203D46491D80046800D6C7B3 /* Debug */,
				203D464A1D80046800D6C7B3 /* Release */,
			);
			defaultConfigurationIsVisible = 0;
			defaultConfigurationName = Release;
		};
		203D464B1D80046800D6C7B3 /* Build configuration list for PBXNativeTarget "FWAVPleyerUITests" */ = {
			isa = XCConfigurationList;
			buildConfigurations = (
				203D464C1D80046800D6C7B3 /* Debug */,
				203D464D1D80046800D6C7B3 /* Release */,
			);
			defaultConfigurationIsVisible = 0;
			defaultConfigurationName = Release;
		};
/* End XCConfigurationList section */
	};
	rootObject = 203D46101D80046800D6C7B3 /* Project object */;
}
